
Microsoft Visual Studio Solution File, Format Version 12.00
# Visual Studio Version 17
VisualStudioVersion = 17.14.36414.22 d17.14
MinimumVisualStudioVersion = 10.0.40219.1
Project("{FAE04EC0-301F-11D3-BF4B-00C04F79EFBC}") = "Pr_9", "Pr_9.csproj", "{584E5EB5-28EF-415F-8532-7DAC96DA735B}"
EndProject
Global
	GlobalSection(SolutionConfigurationPlatforms) = preSolution
		Debug|Any CPU = Debug|Any CPU
		Release|Any CPU = Release|Any CPU
	EndGlobalSection
	GlobalSection(ProjectConfigurationPlatforms) = postSolution
		{584E5EB5-28EF-415F-8532-7DAC96DA735B}.Debug|Any CPU.ActiveCfg = Debug|Any CPU
		{584E5EB5-28EF-415F-8532-7DAC96DA735B}.Debug|Any CPU.Build.0 = Debug|Any CPU
		{584E5EB5-28EF-415F-8532-7DAC96DA735B}.Release|Any CPU.ActiveCfg = Release|Any CPU
		{584E5EB5-28EF-415F-8532-7DAC96DA735B}.Release|Any CPU.Build.0 = Release|Any CPU
	EndGlobalSection
	GlobalSection(SolutionProperties) = preSolution
		HideSolutionNode = FALSE
	EndGlobalSection
	GlobalSection(ExtensibilityGlobals) = postSolution
		SolutionGuid = {B2F5AA0F-9CFA-4977-B555-AAA9BE64DB9E}
	EndGlobalSection
EndGlobal
